// !$*UTF8*$!
{
	archiveVersion = 1;
	classes = {
	};
	objectVersion = 46;
	objects = {

/* Begin PBXBuildFile section */
		521D609B1BCEE62500CEC3F5 /* Enemy.swift in Sources */ = {isa = PBXBuildFile; fileRef = 521D60951BCEE62500CEC3F5 /* Enemy.swift */; settings = {ASSET_TAGS = (); }; };
		521D609C1BCEE62500CEC3F5 /* Entity.swift in Sources */ = {isa = PBXBuildFile; fileRef = 521D60961BCEE62500CEC3F5 /* Entity.swift */; settings = {ASSET_TAGS = (); }; };
		521D609D1BCEE62500CEC3F5 /* Game.swift in Sources */ = {isa = PBXBuildFile; fileRef = 521D60971BCEE62500CEC3F5 /* Game.swift */; settings = {ASSET_TAGS = (); }; };
		521D609E1BCEE62500CEC3F5 /* Item.swift in Sources */ = {isa = PBXBuildFile; fileRef = 521D60981BCEE62500CEC3F5 /* Item.swift */; settings = {ASSET_TAGS = (); }; };
		521D609F1BCEE62500CEC3F5 /* Level.swift in Sources */ = {isa = PBXBuildFile; fileRef = 521D60991BCEE62500CEC3F5 /* Level.swift */; settings = {ASSET_TAGS = (); }; };
		521D60A01BCEE62500CEC3F5 /* Player.swift in Sources */ = {isa = PBXBuildFile; fileRef = 521D609A1BCEE62500CEC3F5 /* Player.swift */; settings = {ASSET_TAGS = (); }; };
		521D60A21BCEE6A300CEC3F5 /* Flashlight.swift in Sources */ = {isa = PBXBuildFile; fileRef = 521D60A11BCEE6A300CEC3F5 /* Flashlight.swift */; settings = {ASSET_TAGS = (); }; };
		521D60A41BCF03BC00CEC3F5 /* Extensions.swift in Sources */ = {isa = PBXBuildFile; fileRef = 521D60A31BCF03BC00CEC3F5 /* Extensions.swift */; settings = {ASSET_TAGS = (); }; };
		5256F60B1BC30B4E00FED3FB /* main.swift in Sources */ = {isa = PBXBuildFile; fileRef = 5256F60A1BC30B4E00FED3FB /* main.swift */; };
		52CB9AB81BCED11B00AA34F2 /* Functions.swift in Sources */ = {isa = PBXBuildFile; fileRef = 52CB9AB71BCED11B00AA34F2 /* Functions.swift */; settings = {ASSET_TAGS = (); }; };
/* End PBXBuildFile section */

/* Begin PBXCopyFilesBuildPhase section */
		5256F6051BC30B4E00FED3FB /* CopyFiles */ = {
			isa = PBXCopyFilesBuildPhase;
			buildActionMask = 2147483647;
			dstPath = /usr/share/man/man1/;
			dstSubfolderSpec = 0;
			files = (
			);
			runOnlyForDeploymentPostprocessing = 1;
		};
/* End PBXCopyFilesBuildPhase section */

/* Begin PBXFileReference section */
		521D60951BCEE62500CEC3F5 /* Enemy.swift */ = {isa = PBXFileReference; fileEncoding = 4; lastKnownFileType = sourcecode.swift; name = Enemy.swift; path = GameLib/Enemy.swift; sourceTree = "<group>"; };
		521D60961BCEE62500CEC3F5 /* Entity.swift */ = {isa = PBXFileReference; fileEncoding = 4; lastKnownFileType = sourcecode.swift; name = Entity.swift; path = GameLib/Entity.swift; sourceTree = "<group>"; };
		521D60971BCEE62500CEC3F5 /* Game.swift */ = {isa = PBXFileReference; fileEncoding = 4; lastKnownFileType = sourcecode.swift; name = Game.swift; path = GameLib/Game.swift; sourceTree = "<group>"; };
		521D60981BCEE62500CEC3F5 /* Item.swift */ = {isa = PBXFileReference; fileEncoding = 4; lastKnownFileType = sourcecode.swift; name = Item.swift; path = GameLib/Item.swift; sourceTree = "<group>"; };
		521D60991BCEE62500CEC3F5 /* Level.swift */ = {isa = PBXFileReference; fileEncoding = 4; lastKnownFileType = sourcecode.swift; name = Level.swift; path = GameLib/Level.swift; sourceTree = "<group>"; };
		521D609A1BCEE62500CEC3F5 /* Player.swift */ = {isa = PBXFileReference; fileEncoding = 4; lastKnownFileType = sourcecode.swift; name = Player.swift; path = GameLib/Player.swift; sourceTree = "<group>"; };
		521D60A11BCEE6A300CEC3F5 /* Flashlight.swift */ = {isa = PBXFileReference; fileEncoding = 4; lastKnownFileType = sourcecode.swift; path = Flashlight.swift; sourceTree = "<group>"; };
		521D60A31BCF03BC00CEC3F5 /* Extensions.swift */ = {isa = PBXFileReference; fileEncoding = 4; lastKnownFileType = sourcecode.swift; path = Extensions.swift; sourceTree = "<group>"; };
		5256F6071BC30B4E00FED3FB /* CaveExplorer */ = {isa = PBXFileReference; explicitFileType = "compiled.mach-o.executable"; includeInIndex = 0; path = CaveExplorer; sourceTree = BUILT_PRODUCTS_DIR; };
		5256F60A1BC30B4E00FED3FB /* main.swift */ = {isa = PBXFileReference; lastKnownFileType = sourcecode.swift; path = main.swift; sourceTree = "<group>"; };
		52CB9AB71BCED11B00AA34F2 /* Functions.swift */ = {isa = PBXFileReference; fileEncoding = 4; lastKnownFileType = sourcecode.swift; path = Functions.swift; sourceTree = "<group>"; };
/* End PBXFileReference section */

/* Begin PBXFrameworksBuildPhase section */
		5256F6041BC30B4E00FED3FB /* Frameworks */ = {
			isa = PBXFrameworksBuildPhase;
			buildActionMask = 2147483647;
			files = (
			);
			runOnlyForDeploymentPostprocessing = 0;
		};
/* End PBXFrameworksBuildPhase section */

/* Begin PBXGroup section */
		521D60931BCEE58800CEC3F5 /* Lib */ = {
			isa = PBXGroup;
			children = (
				521D60941BCEE59100CEC3F5 /* GameLib */,
			);
			path = Lib;
			sourceTree = "<group>";
		};
		521D60941BCEE59100CEC3F5 /* GameLib */ = {
			isa = PBXGroup;
			children = (
				521D60951BCEE62500CEC3F5 /* Enemy.swift */,
				521D60961BCEE62500CEC3F5 /* Entity.swift */,
				521D60971BCEE62500CEC3F5 /* Game.swift */,
				521D60981BCEE62500CEC3F5 /* Item.swift */,
				521D60991BCEE62500CEC3F5 /* Level.swift */,
				521D609A1BCEE62500CEC3F5 /* Player.swift */,
			);
			path = GameLib;
			sourceTree = "<group>";
		};
		5256F5FE1BC30B4E00FED3FB = {
			isa = PBXGroup;
			children = (
				5256F6091BC30B4E00FED3FB /* CaveExplorer */,
				521D60931BCEE58800CEC3F5 /* Lib */,
				5256F6081BC30B4E00FED3FB /* Products */,
			);
			sourceTree = "<group>";
		};
		5256F6081BC30B4E00FED3FB /* Products */ = {
			isa = PBXGroup;
			children = (
				5256F6071BC30B4E00FED3FB /* CaveExplorer */,
			);
			name = Products;
			sourceTree = "<group>";
		};
		5256F6091BC30B4E00FED3FB /* CaveExplorer */ = {
			isa = PBXGroup;
			children = (
				5256F60A1BC30B4E00FED3FB /* main.swift */,
				521D60A11BCEE6A300CEC3F5 /* Flashlight.swift */,
				521D60A31BCF03BC00CEC3F5 /* Extensions.swift */,
				52CB9AB71BCED11B00AA34F2 /* Functions.swift */,
			);
			path = CaveExplorer;
			sourceTree = "<group>";
		};
/* End PBXGroup section */

/* Begin PBXNativeTarget section */
		5256F6061BC30B4E00FED3FB /* CaveExplorer */ = {
			isa = PBXNativeTarget;
			buildConfigurationList = 5256F60E1BC30B4E00FED3FB /* Build configuration list for PBXNativeTarget "CaveExplorer" */;
			buildPhases = (
				5256F6031BC30B4E00FED3FB /* Sources */,
				5256F6041BC30B4E00FED3FB /* Frameworks */,
				5256F6051BC30B4E00FED3FB /* CopyFiles */,
			);
			buildRules = (
			);
			dependencies = (
			);
			name = CaveExplorer;
			productName = CaveExplorer;
			productReference = 5256F6071BC30B4E00FED3FB /* CaveExplorer */;
			productType = "com.apple.product-type.tool";
		};
/* End PBXNativeTarget section */

/* Begin PBXProject section */
		5256F5FF1BC30B4E00FED3FB /* Project object */ = {
			isa = PBXProject;
			attributes = {
				LastUpgradeCheck = 0700;
				ORGANIZATIONNAME = "CCHS Coding Club";
				TargetAttributes = {
					5256F6061BC30B4E00FED3FB = {
						CreatedOnToolsVersion = 7.0;
					};
				};
			};
			buildConfigurationList = 5256F6021BC30B4E00FED3FB /* Build configuration list for PBXProject "CaveExplorer" */;
			compatibilityVersion = "Xcode 3.2";
			developmentRegion = English;
			hasScannedForEncodings = 0;
			knownRegions = (
				en,
			);
			mainGroup = 5256F5FE1BC30B4E00FED3FB;
			productRefGroup = 5256F6081BC30B4E00FED3FB /* Products */;
			projectDirPath = "";
			projectRoot = "";
			targets = (
				5256F6061BC30B4E00FED3FB /* CaveExplorer */,
			);
		};
/* End PBXProject section */

/* Begin PBXSourcesBuildPhase section */
		5256F6031BC30B4E00FED3FB /* Sources */ = {
			isa = PBXSourcesBuildPhase;
			buildActionMask = 2147483647;
			files = (
				521D60A01BCEE62500CEC3F5 /* Player.swift in Sources */,
				521D609E1BCEE62500CEC3F5 /* Item.swift in Sources */,
				521D609C1BCEE62500CEC3F5 /* Entity.swift in Sources */,
				521D609B1BCEE62500CEC3F5 /* Enemy.swift in Sources */,
				52CB9AB81BCED11B00AA34F2 /* Functions.swift in Sources */,
				521D60A41BCF03BC00CEC3F5 /* Extensions.swift in Sources */,
				5256F60B1BC30B4E00FED3FB /* main.swift in Sources */,
				521D609F1BCEE62500CEC3F5 /* Level.swift in Sources */,
				521D60A21BCEE6A300CEC3F5 /* Flashlight.swift in Sources */,
				521D609D1BCEE62500CEC3F5 /* Game.swift in Sources */,
			);
			runOnlyForDeploymentPostprocessing = 0;
		};
/* End PBXSourcesBuildPhase section */

/* Begin XCBuildConfiguration section */
		5256F60C1BC30B4E00FED3FB /* Debug */ = {
			isa = XCBuildConfiguration;
			buildSettings = {
				ALWAYS_SEARCH_USER_PATHS = NO;
				CLANG_CXX_LANGUAGE_STANDARD = "gnu++0x";
				CLANG_CXX_LIBRARY = "libc++";
				CLANG_ENABLE_MODULES = YES;
				CLANG_ENABLE_OBJC_ARC = YES;
				CLANG_WARN_BOOL_CONVERSION = YES;
				CLANG_WARN_CONSTANT_CONVERSION = YES;
				CLANG_WARN_DIRECT_OBJC_ISA_USAGE = YES_ERROR;
				CLANG_WARN_EMPTY_BODY = YES;
				CLANG_WARN_ENUM_CONVERSION = YES;
				CLANG_WARN_INT_CONVERSION = YES;
				CLANG_WARN_OBJC_ROOT_CLASS = YES_ERROR;
				CLANG_WARN_UNREACHABLE_CODE = YES;
				CLANG_WARN__DUPLICATE_METHOD_MATCH = YES;
				COPY_PHASE_STRIP = NO;
				DEBUG_INFORMATION_FORMAT = dwarf;
				ENABLE_STRICT_OBJC_MSGSEND = YES;
				ENABLE_TESTABILITY = YES;
				GCC_C_LANGUAGE_STANDARD = gnu99;
				GCC_DYNAMIC_NO_PIC = NO;
				GCC_NO_COMMON_BLOCKS = YES;
				GCC_OPTIMIZATION_LEVEL = 0;
				GCC_PREPROCESSOR_DEFINITIONS = (
					"DEBUG=1",
					"$(inherited)",
				);
				GCC_WARN_64_TO_32_BIT_CONVERSION = YES;
				GCC_WARN_ABOUT_RETURN_TYPE = YES_ERROR;
				GCC_WARN_UNDECLARED_SELECTOR = YES;
				GCC_WARN_UNINITIALIZED_AUTOS = YES_AGGRESSIVE;
				GCC_WARN_UNUSED_FUNCTION = YES;
				GCC_WARN_UNUSED_VARIABLE = YES;
				MACOSX_DEPLOYMENT_TARGET = 10.11;
				MTL_ENABLE_DEBUG_INFO = YES;
				ONLY_ACTIVE_ARCH = YES;
				SDKROOT = macosx;
				SWIFT_OPTIMIZATION_LEVEL = "-Onone";
			};
			name = Debug;
		};
		5256F60D1BC30B4E00FED3FB /* Release */ = {
			isa = XCBuildConfiguration;
			buildSettings = {
				ALWAYS_SEARCH_USER_PATHS = NO;
				CLANG_CXX_LANGUAGE_STANDARD = "gnu++0x";
				CLANG_CXX_LIBRARY = "libc++";
				CLANG_ENABLE_MODULES = YES;
				CLANG_ENABLE_OBJC_ARC = YES;
				CLANG_WARN_BOOL_CONVERSION = YES;
				CLANG_WARN_CONSTANT_CONVERSION = YES;
				CLANG_WARN_DIRECT_OBJC_ISA_USAGE = YES_ERROR;
				CLANG_WARN_EMPTY_BODY = YES;
				CLANG_WARN_ENUM_CONVERSION = YES;
				CLANG_WARN_INT_CONVERSION = YES;
				CLANG_WARN_OBJC_ROOT_CLASS = YES_ERROR;
				CLANG_WARN_UNREACHABLE_CODE = YES;
				CLANG_WARN__DUPLICATE_METHOD_MATCH = YES;
				COPY_PHASE_STRIP = NO;
				DEBUG_INFORMATION_FORMAT = "dwarf-with-dsym";
				ENABLE_NS_ASSERTIONS = NO;
				ENABLE_STRICT_OBJC_MSGSEND = YES;
				GCC_C_LANGUAGE_STANDARD = gnu99;
				GCC_NO_COMMON_BLOCKS = YES;
				GCC_WARN_64_TO_32_BIT_CONVERSION = YES;
				GCC_WARN_ABOUT_RETURN_TYPE = YES_ERROR;
				GCC_WARN_UNDECLARED_SELECTOR = YES;
				GCC_WARN_UNINITIALIZED_AUTOS = YES_AGGRESSIVE;
				GCC_WARN_UNUSED_FUNCTION = YES;
				GCC_WARN_UNUSED_VARIABLE = YES;
				MACOSX_DEPLOYMENT_TARGET = 10.11;
				MTL_ENABLE_DEBUG_INFO = NO;
				SDKROOT = macosx;
			};
			name = Release;
		};
		5256F60F1BC30B4E00FED3FB /* Debug */ = {
			isa = XCBuildConfiguration;
			buildSettings = {
				PRODUCT_NAME = "$(TARGET_NAME)";
			};
			name = Debug;
		};
		5256F6101BC30B4E00FED3FB /* Release */ = {
			isa = XCBuildConfiguration;
			buildSettings = {
				PRODUCT_NAME = "$(TARGET_NAME)";
			};
			name = Release;
		};
/* End XCBuildConfiguration section */

/* Begin XCConfigurationList section */
		5256F6021BC30B4E00FED3FB /* Build configuration list for PBXProject "CaveExplorer" */ = {
			isa = XCConfigurationList;
			buildConfigurations = (
				5256F60C1BC30B4E00FED3FB /* Debug */,
				5256F60D1BC30B4E00FED3FB /* Release */,
			);
			defaultConfigurationIsVisible = 0;
			defaultConfigurationName = Release;
		};
		5256F60E1BC30B4E00FED3FB /* Build configuration list for PBXNativeTarget "CaveExplorer" */ = {
			isa = XCConfigurationList;
			buildConfigurations = (
				5256F60F1BC30B4E00FED3FB /* Debug */,
				5256F6101BC30B4E00FED3FB /* Release */,
			);
			defaultConfigurationIsVisible = 0;
			defaultConfigurationName = Release;
		};
/* End XCConfigurationList section */
	};
	rootObject = 5256F5FF1BC30B4E00FED3FB /* Project object */;
}
